
Microsoft Visual Studio Solution File, Format Version 12.00
# Visual Studio Version 17
VisualStudioVersion = 17.6.33815.320
MinimumVisualStudioVersion = 10.0.40219.1
Project("{9A19103F-16F7-4668-BE54-9A1E7A4F7556}") = "ContactAPI", "ContactAPI\ContactAPI.csproj", "{227390CF-9637-406B-B246-7342D3F64C3E}"
EndProject
Project("{9A19103F-16F7-4668-BE54-9A1E7A4F7556}") = "RaportAPI", "RaportAPI\RaportAPI.csproj", "{D64B8818-75F8-4155-9D68-F71735C527D3}"
EndProject
Project("{9A19103F-16F7-4668-BE54-9A1E7A4F7556}") = "CoreRaport", "CoreRaport\CoreRaport.csproj", "{64083D1B-A48D-4EDF-997F-4FE464BC89FF}"
EndProject
Project("{9A19103F-16F7-4668-BE54-9A1E7A4F7556}") = "CoreContact", "CoreContact\CoreContact.csproj", "{767500F1-C6CF-4626-8377-D3804C74A093}"
EndProject
Project("{9A19103F-16F7-4668-BE54-9A1E7A4F7556}") = "BusinessContact", "BusinessContact\BusinessContact.csproj", "{4EA7768B-2D45-4E1D-AAA0-F7D75D226D36}"
EndProject
Project("{9A19103F-16F7-4668-BE54-9A1E7A4F7556}") = "DataAccessContact", "DataAccessContact\DataAccessContact.csproj", "{CA36BD93-5905-4C7A-BE3B-D9FA256EFD63}"
EndProject
Project("{9A19103F-16F7-4668-BE54-9A1E7A4F7556}") = "ContactManager", "APIGateway\ContactManager.csproj", "{624C2CDF-0A2E-4C03-A2E8-CE925E7B2ECF}"
EndProject
Project("{E53339B2-1760-4266-BCC7-CA923CBCF16C}") = "docker-compose", "docker-compose.dcproj", "{F7FA24E2-DB10-42EF-8B3D-574AE415F3C0}"
EndProject
Project("{9A19103F-16F7-4668-BE54-9A1E7A4F7556}") = "RaportAPITest", "..\RaportAPITest\RaportAPITest.csproj", "{7B615266-3765-4FF0-B94C-68090A0DC5B6}"
EndProject
Project("{9A19103F-16F7-4668-BE54-9A1E7A4F7556}") = "ContactAPITest", "..\ContactTest\ContactAPITest.csproj", "{B364CFC2-85C7-4E70-AB62-E2626F53272A}"
EndProject
Project("{2150E333-8FDC-42A3-9474-1A3956D46DE8}") = "Raport", "Raport", "{A9FC5881-34C5-45FD-9E0A-639890041579}"
EndProject
Project("{2150E333-8FDC-42A3-9474-1A3956D46DE8}") = "Contact", "Contact", "{91484890-0E11-4C86-8800-354B256CFB7C}"
EndProject
Global
	GlobalSection(SolutionConfigurationPlatforms) = preSolution
		Debug|Any CPU = Debug|Any CPU
		Release|Any CPU = Release|Any CPU
	EndGlobalSection
	GlobalSection(ProjectConfigurationPlatforms) = postSolution
		{227390CF-9637-406B-B246-7342D3F64C3E}.Debug|Any CPU.ActiveCfg = Debug|Any CPU
		{227390CF-9637-406B-B246-7342D3F64C3E}.Debug|Any CPU.Build.0 = Debug|Any CPU
		{227390CF-9637-406B-B246-7342D3F64C3E}.Release|Any CPU.ActiveCfg = Release|Any CPU
		{227390CF-9637-406B-B246-7342D3F64C3E}.Release|Any CPU.Build.0 = Release|Any CPU
		{D64B8818-75F8-4155-9D68-F71735C527D3}.Debug|Any CPU.ActiveCfg = Debug|Any CPU
		{D64B8818-75F8-4155-9D68-F71735C527D3}.Debug|Any CPU.Build.0 = Debug|Any CPU
		{D64B8818-75F8-4155-9D68-F71735C527D3}.Release|Any CPU.ActiveCfg = Release|Any CPU
		{D64B8818-75F8-4155-9D68-F71735C527D3}.Release|Any CPU.Build.0 = Release|Any CPU
		{64083D1B-A48D-4EDF-997F-4FE464BC89FF}.Debug|Any CPU.ActiveCfg = Debug|Any CPU
		{64083D1B-A48D-4EDF-997F-4FE464BC89FF}.Debug|Any CPU.Build.0 = Debug|Any CPU
		{64083D1B-A48D-4EDF-997F-4FE464BC89FF}.Release|Any CPU.ActiveCfg = Release|Any CPU
		{64083D1B-A48D-4EDF-997F-4FE464BC89FF}.Release|Any CPU.Build.0 = Release|Any CPU
		{767500F1-C6CF-4626-8377-D3804C74A093}.Debug|Any CPU.ActiveCfg = Debug|Any CPU
		{767500F1-C6CF-4626-8377-D3804C74A093}.Debug|Any CPU.Build.0 = Debug|Any CPU
		{767500F1-C6CF-4626-8377-D3804C74A093}.Release|Any CPU.ActiveCfg = Release|Any CPU
		{767500F1-C6CF-4626-8377-D3804C74A093}.Release|Any CPU.Build.0 = Release|Any CPU
		{4EA7768B-2D45-4E1D-AAA0-F7D75D226D36}.Debug|Any CPU.ActiveCfg = Debug|Any CPU
		{4EA7768B-2D45-4E1D-AAA0-F7D75D226D36}.Debug|Any CPU.Build.0 = Debug|Any CPU
		{4EA7768B-2D45-4E1D-AAA0-F7D75D226D36}.Release|Any CPU.ActiveCfg = Release|Any CPU
		{4EA7768B-2D45-4E1D-AAA0-F7D75D226D36}.Release|Any CPU.Build.0 = Release|Any CPU
		{CA36BD93-5905-4C7A-BE3B-D9FA256EFD63}.Debug|Any CPU.ActiveCfg = Debug|Any CPU
		{CA36BD93-5905-4C7A-BE3B-D9FA256EFD63}.Debug|Any CPU.Build.0 = Debug|Any CPU
		{CA36BD93-5905-4C7A-BE3B-D9FA256EFD63}.Release|Any CPU.ActiveCfg = Release|Any CPU
		{CA36BD93-5905-4C7A-BE3B-D9FA256EFD63}.Release|Any CPU.Build.0 = Release|Any CPU
		{624C2CDF-0A2E-4C03-A2E8-CE925E7B2ECF}.Debug|Any CPU.ActiveCfg = Debug|Any CPU
		{624C2CDF-0A2E-4C03-A2E8-CE925E7B2ECF}.Debug|Any CPU.Build.0 = Debug|Any CPU
		{624C2CDF-0A2E-4C03-A2E8-CE925E7B2ECF}.Release|Any CPU.ActiveCfg = Release|Any CPU
		{624C2CDF-0A2E-4C03-A2E8-CE925E7B2ECF}.Release|Any CPU.Build.0 = Release|Any CPU
		{F7FA24E2-DB10-42EF-8B3D-574AE415F3C0}.Debug|Any CPU.ActiveCfg = Debug|Any CPU
		{F7FA24E2-DB10-42EF-8B3D-574AE415F3C0}.Debug|Any CPU.Build.0 = Debug|Any CPU
		{F7FA24E2-DB10-42EF-8B3D-574AE415F3C0}.Release|Any CPU.ActiveCfg = Release|Any CPU
		{F7FA24E2-DB10-42EF-8B3D-574AE415F3C0}.Release|Any CPU.Build.0 = Release|Any CPU
		{7B615266-3765-4FF0-B94C-68090A0DC5B6}.Debug|Any CPU.ActiveCfg = Debug|Any CPU
		{7B615266-3765-4FF0-B94C-68090A0DC5B6}.Debug|Any CPU.Build.0 = Debug|Any CPU
		{7B615266-3765-4FF0-B94C-68090A0DC5B6}.Release|Any CPU.ActiveCfg = Release|Any CPU
		{7B615266-3765-4FF0-B94C-68090A0DC5B6}.Release|Any CPU.Build.0 = Release|Any CPU
		{B364CFC2-85C7-4E70-AB62-E2626F53272A}.Debug|Any CPU.ActiveCfg = Debug|Any CPU
		{B364CFC2-85C7-4E70-AB62-E2626F53272A}.Debug|Any CPU.Build.0 = Debug|Any CPU
		{B364CFC2-85C7-4E70-AB62-E2626F53272A}.Release|Any CPU.ActiveCfg = Release|Any CPU
		{B364CFC2-85C7-4E70-AB62-E2626F53272A}.Release|Any CPU.Build.0 = Release|Any CPU
	EndGlobalSection
	GlobalSection(SolutionProperties) = preSolution
		HideSolutionNode = FALSE
	EndGlobalSection
	GlobalSection(NestedProjects) = preSolution
		{227390CF-9637-406B-B246-7342D3F64C3E} = {91484890-0E11-4C86-8800-354B256CFB7C}
		{D64B8818-75F8-4155-9D68-F71735C527D3} = {A9FC5881-34C5-45FD-9E0A-639890041579}
		{64083D1B-A48D-4EDF-997F-4FE464BC89FF} = {A9FC5881-34C5-45FD-9E0A-639890041579}
		{767500F1-C6CF-4626-8377-D3804C74A093} = {91484890-0E11-4C86-8800-354B256CFB7C}
		{4EA7768B-2D45-4E1D-AAA0-F7D75D226D36} = {91484890-0E11-4C86-8800-354B256CFB7C}
		{CA36BD93-5905-4C7A-BE3B-D9FA256EFD63} = {91484890-0E11-4C86-8800-354B256CFB7C}
		{7B615266-3765-4FF0-B94C-68090A0DC5B6} = {A9FC5881-34C5-45FD-9E0A-639890041579}
		{B364CFC2-85C7-4E70-AB62-E2626F53272A} = {91484890-0E11-4C86-8800-354B256CFB7C}
	EndGlobalSection
	GlobalSection(ExtensibilityGlobals) = postSolution
		SolutionGuid = {BD660A42-0A09-412E-8198-72877BED48F9}
	EndGlobalSection
EndGlobal
